
Microsoft Visual Studio Solution File, Format Version 12.00
# Visual Studio Version 17
VisualStudioVersion = 17.5.33516.290
MinimumVisualStudioVersion = 10.0.40219.1
Project("{FAE04EC0-301F-11D3-BF4B-00C04F79EFBC}") = "ISTSU0_ADT_2023241.Client", "ISTSU0_ADT_2023241.Client\ISTSU0_ADT_2023241.Client.csproj", "{B2393712-0DC7-482A-8B5E-C7A202C9E884}"
EndProject
Project("{FAE04EC0-301F-11D3-BF4B-00C04F79EFBC}") = "ISTSU0_ADT_2023241.Models", "ISTSU0_ADT_2023241.Models\ISTSU0_ADT_2023241.Models.csproj", "{F8EA20FC-320F-49A7-AC17-8688AD47479E}"
EndProject
Project("{FAE04EC0-301F-11D3-BF4B-00C04F79EFBC}") = "ISTSU0_ADT_2023241.Logic", "ISTSU0_ADT_2023241.Logic\ISTSU0_ADT_2023241.Logic.csproj", "{A5074B17-2177-4EA4-805E-6935D41BC603}"
EndProject
Project("{FAE04EC0-301F-11D3-BF4B-00C04F79EFBC}") = "ISTSU0_ADT_2023241.Repository", "ISTSU0_ADT_2023241.Repository\ISTSU0_ADT_2023241.Repository.csproj", "{2BE5FC68-6F64-40BF-9D81-365E3DB82566}"
EndProject
Project("{FAE04EC0-301F-11D3-BF4B-00C04F79EFBC}") = "ISTSU0_ADT_2023241.Endpoint", "ISTSU0_ADT_2023241.Endpoint\ISTSU0_ADT_2023241.Endpoint.csproj", "{F72AFA00-4418-40EC-B8E0-208598D1D49C}"
EndProject
Project("{FAE04EC0-301F-11D3-BF4B-00C04F79EFBC}") = "ISTSU0_ADT_2023241.Test", "ISTSU0_ADT_2023241.Test\ISTSU0_ADT_2023241.Test.csproj", "{5880868C-7428-4FBA-B58F-4F7673C0138E}"
EndProject
Project("{2150E333-8FDC-42A3-9474-1A3956D46DE8}") = "Backend", "Backend", "{DC3F8E3E-97E6-475B-9C28-5DEADC7A5970}"
EndProject
Project("{2150E333-8FDC-42A3-9474-1A3956D46DE8}") = "Frontend", "Frontend", "{0C85AC64-D026-41DB-8F8C-571809702BFC}"
EndProject
Project("{2150E333-8FDC-42A3-9474-1A3956D46DE8}") = "Shared", "Shared", "{05AFC23A-30BD-4214-B0AC-BBFDEC3F45E9}"
EndProject
Global
	GlobalSection(SolutionConfigurationPlatforms) = preSolution
		Debug|Any CPU = Debug|Any CPU
		Release|Any CPU = Release|Any CPU
	EndGlobalSection
	GlobalSection(ProjectConfigurationPlatforms) = postSolution
		{B2393712-0DC7-482A-8B5E-C7A202C9E884}.Debug|Any CPU.ActiveCfg = Debug|Any CPU
		{B2393712-0DC7-482A-8B5E-C7A202C9E884}.Debug|Any CPU.Build.0 = Debug|Any CPU
		{B2393712-0DC7-482A-8B5E-C7A202C9E884}.Release|Any CPU.ActiveCfg = Release|Any CPU
		{B2393712-0DC7-482A-8B5E-C7A202C9E884}.Release|Any CPU.Build.0 = Release|Any CPU
		{F8EA20FC-320F-49A7-AC17-8688AD47479E}.Debug|Any CPU.ActiveCfg = Debug|Any CPU
		{F8EA20FC-320F-49A7-AC17-8688AD47479E}.Debug|Any CPU.Build.0 = Debug|Any CPU
		{F8EA20FC-320F-49A7-AC17-8688AD47479E}.Release|Any CPU.ActiveCfg = Release|Any CPU
		{F8EA20FC-320F-49A7-AC17-8688AD47479E}.Release|Any CPU.Build.0 = Release|Any CPU
		{A5074B17-2177-4EA4-805E-6935D41BC603}.Debug|Any CPU.ActiveCfg = Debug|Any CPU
		{A5074B17-2177-4EA4-805E-6935D41BC603}.Debug|Any CPU.Build.0 = Debug|Any CPU
		{A5074B17-2177-4EA4-805E-6935D41BC603}.Release|Any CPU.ActiveCfg = Release|Any CPU
		{A5074B17-2177-4EA4-805E-6935D41BC603}.Release|Any CPU.Build.0 = Release|Any CPU
		{2BE5FC68-6F64-40BF-9D81-365E3DB82566}.Debug|Any CPU.ActiveCfg = Debug|Any CPU
		{2BE5FC68-6F64-40BF-9D81-365E3DB82566}.Debug|Any CPU.Build.0 = Debug|Any CPU
		{2BE5FC68-6F64-40BF-9D81-365E3DB82566}.Release|Any CPU.ActiveCfg = Release|Any CPU
		{2BE5FC68-6F64-40BF-9D81-365E3DB82566}.Release|Any CPU.Build.0 = Release|Any CPU
		{F72AFA00-4418-40EC-B8E0-208598D1D49C}.Debug|Any CPU.ActiveCfg = Debug|Any CPU
		{F72AFA00-4418-40EC-B8E0-208598D1D49C}.Debug|Any CPU.Build.0 = Debug|Any CPU
		{F72AFA00-4418-40EC-B8E0-208598D1D49C}.Release|Any CPU.ActiveCfg = Release|Any CPU
		{F72AFA00-4418-40EC-B8E0-208598D1D49C}.Release|Any CPU.Build.0 = Release|Any CPU
		{5880868C-7428-4FBA-B58F-4F7673C0138E}.Debug|Any CPU.ActiveCfg = Debug|Any CPU
		{5880868C-7428-4FBA-B58F-4F7673C0138E}.Debug|Any CPU.Build.0 = Debug|Any CPU
		{5880868C-7428-4FBA-B58F-4F7673C0138E}.Release|Any CPU.ActiveCfg = Release|Any CPU
		{5880868C-7428-4FBA-B58F-4F7673C0138E}.Release|Any CPU.Build.0 = Release|Any CPU
	EndGlobalSection
	GlobalSection(SolutionProperties) = preSolution
		HideSolutionNode = FALSE
	EndGlobalSection
	GlobalSection(NestedProjects) = preSolution
		{B2393712-0DC7-482A-8B5E-C7A202C9E884} = {0C85AC64-D026-41DB-8F8C-571809702BFC}
		{F8EA20FC-320F-49A7-AC17-8688AD47479E} = {05AFC23A-30BD-4214-B0AC-BBFDEC3F45E9}
		{A5074B17-2177-4EA4-805E-6935D41BC603} = {DC3F8E3E-97E6-475B-9C28-5DEADC7A5970}
		{2BE5FC68-6F64-40BF-9D81-365E3DB82566} = {DC3F8E3E-97E6-475B-9C28-5DEADC7A5970}
		{F72AFA00-4418-40EC-B8E0-208598D1D49C} = {DC3F8E3E-97E6-475B-9C28-5DEADC7A5970}
		{5880868C-7428-4FBA-B58F-4F7673C0138E} = {DC3F8E3E-97E6-475B-9C28-5DEADC7A5970}
	EndGlobalSection
	GlobalSection(ExtensibilityGlobals) = postSolution
		SolutionGuid = {2372D19C-9495-4DAF-9502-53F651F13F94}
	EndGlobalSection
EndGlobal
